// !$*UTF8*$!
{
	archiveVersion = 1;
	classes = {
	};
	objectVersion = 50;
	objects = {

/* Begin PBXBuildFile section */
		1902C44221F36D8900D454DD /* NetworkLayer.swift in Sources */ = {isa = PBXBuildFile; fileRef = 1902C44121F36D8900D454DD /* NetworkLayer.swift */; };
		1902C44421F36D9F00D454DD /* Model.swift in Sources */ = {isa = PBXBuildFile; fileRef = 1902C44321F36D9F00D454DD /* Model.swift */; };
		1902C44621F3812700D454DD /* CustomCollectionListCell.swift in Sources */ = {isa = PBXBuildFile; fileRef = 1902C44521F3812700D454DD /* CustomCollectionListCell.swift */; };
		19D2584F21F35C6D00BA76C8 /* AppDelegate.swift in Sources */ = {isa = PBXBuildFile; fileRef = 19D2584E21F35C6D00BA76C8 /* AppDelegate.swift */; };
		19D2585121F35C6D00BA76C8 /* CustomCollectionsListPageController.swift in Sources */ = {isa = PBXBuildFile; fileRef = 19D2585021F35C6D00BA76C8 /* CustomCollectionsListPageController.swift */; };
		19D2585621F35C7000BA76C8 /* Assets.xcassets in Resources */ = {isa = PBXBuildFile; fileRef = 19D2585521F35C7000BA76C8 /* Assets.xcassets */; };
		19D2585921F35C7000BA76C8 /* LaunchScreen.storyboard in Resources */ = {isa = PBXBuildFile; fileRef = 19D2585721F35C7000BA76C8 /* LaunchScreen.storyboard */; };
		D92376487C11C697193B1F05 /* libPods-Shopify Challenge.a in Frameworks */ = {isa = PBXBuildFile; fileRef = 19F488825A7C80CF58C1DA5E /* libPods-Shopify Challenge.a */; };
/* End PBXBuildFile section */

/* Begin PBXFileReference section */
		0DCB40A68BD9653242CAC7CE /* Pods-Shopify Challenge.release.xcconfig */ = {isa = PBXFileReference; includeInIndex = 1; lastKnownFileType = text.xcconfig; name = "Pods-Shopify Challenge.release.xcconfig"; path = "Pods/Target Support Files/Pods-Shopify Challenge/Pods-Shopify Challenge.release.xcconfig"; sourceTree = "<group>"; };
		1902C44121F36D8900D454DD /* NetworkLayer.swift */ = {isa = PBXFileReference; lastKnownFileType = sourcecode.swift; path = NetworkLayer.swift; sourceTree = "<group>"; };
		1902C44321F36D9F00D454DD /* Model.swift */ = {isa = PBXFileReference; lastKnownFileType = sourcecode.swift; path = Model.swift; sourceTree = "<group>"; };
		1902C44521F3812700D454DD /* CustomCollectionListCell.swift */ = {isa = PBXFileReference; lastKnownFileType = sourcecode.swift; path = CustomCollectionListCell.swift; sourceTree = "<group>"; };
		19D2584B21F35C6D00BA76C8 /* Shopify Challenge.app */ = {isa = PBXFileReference; explicitFileType = wrapper.application; includeInIndex = 0; path = "Shopify Challenge.app"; sourceTree = BUILT_PRODUCTS_DIR; };
		19D2584E21F35C6D00BA76C8 /* AppDelegate.swift */ = {isa = PBXFileReference; lastKnownFileType = sourcecode.swift; path = AppDelegate.swift; sourceTree = "<group>"; };
		19D2585021F35C6D00BA76C8 /* CustomCollectionsListPageController.swift */ = {isa = PBXFileReference; lastKnownFileType = sourcecode.swift; path = CustomCollectionsListPageController.swift; sourceTree = "<group>"; };
		19D2585521F35C7000BA76C8 /* Assets.xcassets */ = {isa = PBXFileReference; lastKnownFileType = folder.assetcatalog; path = Assets.xcassets; sourceTree = "<group>"; };
		19D2585821F35C7000BA76C8 /* Base */ = {isa = PBXFileReference; lastKnownFileType = file.storyboard; name = Base; path = Base.lproj/LaunchScreen.storyboard; sourceTree = "<group>"; };
		19D2585A21F35C7000BA76C8 /* Info.plist */ = {isa = PBXFileReference; lastKnownFileType = text.plist.xml; path = Info.plist; sourceTree = "<group>"; };
		19F488825A7C80CF58C1DA5E /* libPods-Shopify Challenge.a */ = {isa = PBXFileReference; explicitFileType = archive.ar; includeInIndex = 0; path = "libPods-Shopify Challenge.a"; sourceTree = BUILT_PRODUCTS_DIR; };
		5AAE904C56399F35606A6E2D /* Pods-Shopify Challenge.debug.xcconfig */ = {isa = PBXFileReference; includeInIndex = 1; lastKnownFileType = text.xcconfig; name = "Pods-Shopify Challenge.debug.xcconfig"; path = "Pods/Target Support Files/Pods-Shopify Challenge/Pods-Shopify Challenge.debug.xcconfig"; sourceTree = "<group>"; };
/* End PBXFileReference section */

/* Begin PBXFrameworksBuildPhase section */
		19D2584821F35C6D00BA76C8 /* Frameworks */ = {
			isa = PBXFrameworksBuildPhase;
			buildActionMask = 2147483647;
			files = (
				D92376487C11C697193B1F05 /* libPods-Shopify Challenge.a in Frameworks */,
			);
			runOnlyForDeploymentPostprocessing = 0;
		};
/* End PBXFrameworksBuildPhase section */

/* Begin PBXGroup section */
		19D2584221F35C6D00BA76C8 = {
			isa = PBXGroup;
			children = (
				19D2584D21F35C6D00BA76C8 /* Shopify Challenge */,
				19D2584C21F35C6D00BA76C8 /* Products */,
				F3C6B20F408E09010F1F730A /* Pods */,
				885D6D3A150716847AFE5D8A /* Frameworks */,
			);
			sourceTree = "<group>";
		};
		19D2584C21F35C6D00BA76C8 /* Products */ = {
			isa = PBXGroup;
			children = (
				19D2584B21F35C6D00BA76C8 /* Shopify Challenge.app */,
			);
			name = Products;
			sourceTree = "<group>";
		};
		19D2584D21F35C6D00BA76C8 /* Shopify Challenge */ = {
			isa = PBXGroup;
			children = (
				19D2584E21F35C6D00BA76C8 /* AppDelegate.swift */,
				19D2585021F35C6D00BA76C8 /* CustomCollectionsListPageController.swift */,
				19D2585521F35C7000BA76C8 /* Assets.xcassets */,
				19D2585721F35C7000BA76C8 /* LaunchScreen.storyboard */,
				19D2585A21F35C7000BA76C8 /* Info.plist */,
				1902C44121F36D8900D454DD /* NetworkLayer.swift */,
				1902C44321F36D9F00D454DD /* Model.swift */,
				1902C44521F3812700D454DD /* CustomCollectionListCell.swift */,
			);
			path = "Shopify Challenge";
			sourceTree = "<group>";
		};
		885D6D3A150716847AFE5D8A /* Frameworks */ = {
			isa = PBXGroup;
			children = (
				19F488825A7C80CF58C1DA5E /* libPods-Shopify Challenge.a */,
			);
			name = Frameworks;
			sourceTree = "<group>";
		};
		F3C6B20F408E09010F1F730A /* Pods */ = {
			isa = PBXGroup;
			children = (
				5AAE904C56399F35606A6E2D /* Pods-Shopify Challenge.debug.xcconfig */,
				0DCB40A68BD9653242CAC7CE /* Pods-Shopify Challenge.release.xcconfig */,
			);
			name = Pods;
			sourceTree = "<group>";
		};
/* End PBXGroup section */

/* Begin PBXNativeTarget section */
		19D2584A21F35C6D00BA76C8 /* Shopify Challenge */ = {
			isa = PBXNativeTarget;
			buildConfigurationList = 19D2585D21F35C7000BA76C8 /* Build configuration list for PBXNativeTarget "Shopify Challenge" */;
			buildPhases = (
				49734D91746BFCF86A1E2F6D /* [CP] Check Pods Manifest.lock */,
				19D2584721F35C6D00BA76C8 /* Sources */,
				19D2584821F35C6D00BA76C8 /* Frameworks */,
				19D2584921F35C6D00BA76C8 /* Resources */,
			);
			buildRules = (
			);
			dependencies = (
			);
			name = "Shopify Challenge";
			productName = "Shopify Challenge";
			productReference = 19D2584B21F35C6D00BA76C8 /* Shopify Challenge.app */;
			productType = "com.apple.product-type.application";
		};
/* End PBXNativeTarget section */

/* Begin PBXProject section */
		19D2584321F35C6D00BA76C8 /* Project object */ = {
			isa = PBXProject;
			attributes = {
				LastSwiftUpdateCheck = 1010;
				LastUpgradeCheck = 1010;
				ORGANIZATIONNAME = "Dosbol Duysekov";
				TargetAttributes = {
					19D2584A21F35C6D00BA76C8 = {
						CreatedOnToolsVersion = 10.1;
					};
				};
			};
			buildConfigurationList = 19D2584621F35C6D00BA76C8 /* Build configuration list for PBXProject "Shopify Challenge" */;
			compatibilityVersion = "Xcode 9.3";
			developmentRegion = en;
			hasScannedForEncodings = 0;
			knownRegions = (
				en,
				Base,
			);
			mainGroup = 19D2584221F35C6D00BA76C8;
			productRefGroup = 19D2584C21F35C6D00BA76C8 /* Products */;
			projectDirPath = "";
			projectRoot = "";
			targets = (
				19D2584A21F35C6D00BA76C8 /* Shopify Challenge */,
			);
		};
/* End PBXProject section */

/* Begin PBXResourcesBuildPhase section */
		19D2584921F35C6D00BA76C8 /* Resources */ = {
			isa = PBXResourcesBuildPhase;
			buildActionMask = 2147483647;
			files = (
				19D2585921F35C7000BA76C8 /* LaunchScreen.storyboard in Resources */,
				19D2585621F35C7000BA76C8 /* Assets.xcassets in Resources */,
			);
			runOnlyForDeploymentPostprocessing = 0;
		};
/* End PBXResourcesBuildPhase section */

/* Begin PBXShellScriptBuildPhase section */
		49734D91746BFCF86A1E2F6D /* [CP] Check Pods Manifest.lock */ = {
			isa = PBXShellScriptBuildPhase;
			buildActionMask = 2147483647;
			files = (
			);
			inputPaths = (
				"${PODS_PODFILE_DIR_PATH}/Podfile.lock",
				"${PODS_ROOT}/Manifest.lock",
			);
			name = "[CP] Check Pods Manifest.lock";
			outputPaths = (
				"$(DERIVED_FILE_DIR)/Pods-Shopify Challenge-checkManifestLockResult.txt",
			);
			runOnlyForDeploymentPostprocessing = 0;
			shellPath = /bin/sh;
			shellScript = "diff \"${PODS_PODFILE_DIR_PATH}/Podfile.lock\" \"${PODS_ROOT}/Manifest.lock\" > /dev/null\nif [ $? != 0 ] ; then\n    # print error to STDERR\n    echo \"error: The sandbox is not in sync with the Podfile.lock. Run 'pod install' or update your CocoaPods installation.\" >&2\n    exit 1\nfi\n# This output is used by Xcode 'outputs' to avoid re-running this script phase.\necho \"SUCCESS\" > \"${SCRIPT_OUTPUT_FILE_0}\"\n";
			showEnvVarsInLog = 0;
		};
/* End PBXShellScriptBuildPhase section */

/* Begin PBXSourcesBuildPhase section */
		19D2584721F35C6D00BA76C8 /* Sources */ = {
			isa = PBXSourcesBuildPhase;
			buildActionMask = 2147483647;
			files = (
				1902C44221F36D8900D454DD /* NetworkLayer.swift in Sources */,
				19D2585121F35C6D00BA76C8 /* CustomCollectionsListPageController.swift in Sources */,
				1902C44621F3812700D454DD /* CustomCollectionListCell.swift in Sources */,
				19D2584F21F35C6D00BA76C8 /* AppDelegate.swift in Sources */,
				1902C44421F36D9F00D454DD /* Model.swift in Sources */,
			);
			runOnlyForDeploymentPostprocessing = 0;
		};
/* End PBXSourcesBuildPhase section */

/* Begin PBXVariantGroup section */
		19D2585721F35C7000BA76C8 /* LaunchScreen.storyboard */ = {
			isa = PBXVariantGroup;
			children = (
				19D2585821F35C7000BA76C8 /* Base */,
			);
			name = LaunchScreen.storyboard;
			sourceTree = "<group>";
		};
/* End PBXVariantGroup section */

/* Begin XCBuildConfiguration section */
		19D2585B21F35C7000BA76C8 /* Debug */ = {
			isa = XCBuildConfiguration;
			buildSettings = {
				ALWAYS_SEARCH_USER_PATHS = NO;
				CLANG_ANALYZER_NONNULL = YES;
				CLANG_ANALYZER_NUMBER_OBJECT_CONVERSION = YES_AGGRESSIVE;
				CLANG_CXX_LANGUAGE_STANDARD = "gnu++14";
				CLANG_CXX_LIBRARY = "libc++";
				CLANG_ENABLE_MODULES = YES;
				CLANG_ENABLE_OBJC_ARC = YES;
				CLANG_ENABLE_OBJC_WEAK = YES;
				CLANG_WARN_BLOCK_CAPTURE_AUTORELEASING = YES;
				CLANG_WARN_BOOL_CONVERSION = YES;
				CLANG_WARN_COMMA = YES;
				CLANG_WARN_CONSTANT_CONVERSION = YES;
				CLANG_WARN_DEPRECATED_OBJC_IMPLEMENTATIONS = YES;
				CLANG_WARN_DIRECT_OBJC_ISA_USAGE = YES_ERROR;
				CLANG_WARN_DOCUMENTATION_COMMENTS = YES;
				CLANG_WARN_EMPTY_BODY = YES;
				CLANG_WARN_ENUM_CONVERSION = YES;
				CLANG_WARN_INFINITE_RECURSION = YES;
				CLANG_WARN_INT_CONVERSION = YES;
				CLANG_WARN_NON_LITERAL_NULL_CONVERSION = YES;
				CLANG_WARN_OBJC_IMPLICIT_RETAIN_SELF = YES;
				CLANG_WARN_OBJC_LITERAL_CONVERSION = YES;
				CLANG_WARN_OBJC_ROOT_CLASS = YES_ERROR;
				CLANG_WARN_RANGE_LOOP_ANALYSIS = YES;
				CLANG_WARN_STRICT_PROTOTYPES = YES;
				CLANG_WARN_SUSPICIOUS_MOVE = YES;
				CLANG_WARN_UNGUARDED_AVAILABILITY = YES_AGGRESSIVE;
				CLANG_WARN_UNREACHABLE_CODE = YES;
				CLANG_WARN__DUPLICATE_METHOD_MATCH = YES;
				CODE_SIGN_IDENTITY = "iPhone Developer";
				COPY_PHASE_STRIP = NO;
				DEBUG_INFORMATION_FORMAT = dwarf;
				ENABLE_STRICT_OBJC_MSGSEND = YES;
				ENABLE_TESTABILITY = YES;
				GCC_C_LANGUAGE_STANDARD = gnu11;
				GCC_DYNAMIC_NO_PIC = NO;
				GCC_NO_COMMON_BLOCKS = YES;
				GCC_OPTIMIZATION_LEVEL = 0;
				GCC_PREPROCESSOR_DEFINITIONS = (
					"DEBUG=1",
					"$(inherited)",
				);
				GCC_WARN_64_TO_32_BIT_CONVERSION = YES;
				GCC_WARN_ABOUT_RETURN_TYPE = YES_ERROR;
				GCC_WARN_UNDECLARED_SELECTOR = YES;
				GCC_WARN_UNINITIALIZED_AUTOS = YES_AGGRESSIVE;
				GCC_WARN_UNUSED_FUNCTION = YES;
				GCC_WARN_UNUSED_VARIABLE = YES;
				IPHONEOS_DEPLOYMENT_TARGET = 12.1;
				MTL_ENABLE_DEBUG_INFO = INCLUDE_SOURCE;
				MTL_FAST_MATH = YES;
				ONLY_ACTIVE_ARCH = YES;
				SDKROOT = iphoneos;
				SWIFT_ACTIVE_COMPILATION_CONDITIONS = DEBUG;
				SWIFT_OPTIMIZATION_LEVEL = "-Onone";
			};
			name = Debug;
		};
		19D2585C21F35C7000BA76C8 /* Release */ = {
			isa = XCBuildConfiguration;
			buildSettings = {
				ALWAYS_SEARCH_USER_PATHS = NO;
				CLANG_ANALYZER_NONNULL = YES;
				CLANG_ANALYZER_NUMBER_OBJECT_CONVERSION = YES_AGGRESSIVE;
				CLANG_CXX_LANGUAGE_STANDARD = "gnu++14";
				CLANG_CXX_LIBRARY = "libc++";
				CLANG_ENABLE_MODULES = YES;
				CLANG_ENABLE_OBJC_ARC = YES;
				CLANG_ENABLE_OBJC_WEAK = YES;
				CLANG_WARN_BLOCK_CAPTURE_AUTORELEASING = YES;
				CLANG_WARN_BOOL_CONVERSION = YES;
				CLANG_WARN_COMMA = YES;
				CLANG_WARN_CONSTANT_CONVERSION = YES;
				CLANG_WARN_DEPRECATED_OBJC_IMPLEMENTATIONS = YES;
				CLANG_WARN_DIRECT_OBJC_ISA_USAGE = YES_ERROR;
				CLANG_WARN_DOCUMENTATION_COMMENTS = YES;
				CLANG_WARN_EMPTY_BODY = YES;
				CLANG_WARN_ENUM_CONVERSION = YES;
				CLANG_WARN_INFINITE_RECURSION = YES;
				CLANG_WARN_INT_CONVERSION = YES;
				CLANG_WARN_NON_LITERAL_NULL_CONVERSION = YES;
				CLANG_WARN_OBJC_IMPLICIT_RETAIN_SELF = YES;
				CLANG_WARN_OBJC_LITERAL_CONVERSION = YES;
				CLANG_WARN_OBJC_ROOT_CLASS = YES_ERROR;
				CLANG_WARN_RANGE_LOOP_ANALYSIS = YES;
				CLANG_WARN_STRICT_PROTOTYPES = YES;
				CLANG_WARN_SUSPICIOUS_MOVE = YES;
				CLANG_WARN_UNGUARDED_AVAILABILITY = YES_AGGRESSIVE;
				CLANG_WARN_UNREACHABLE_CODE = YES;
				CLANG_WARN__DUPLICATE_METHOD_MATCH = YES;
				CODE_SIGN_IDENTITY = "iPhone Developer";
				COPY_PHASE_STRIP = NO;
				DEBUG_INFORMATION_FORMAT = "dwarf-with-dsym";
				ENABLE_NS_ASSERTIONS = NO;
				ENABLE_STRICT_OBJC_MSGSEND = YES;
				GCC_C_LANGUAGE_STANDARD = gnu11;
				GCC_NO_COMMON_BLOCKS = YES;
				GCC_WARN_64_TO_32_BIT_CONVERSION = YES;
				GCC_WARN_ABOUT_RETURN_TYPE = YES_ERROR;
				GCC_WARN_UNDECLARED_SELECTOR = YES;
				GCC_WARN_UNINITIALIZED_AUTOS = YES_AGGRESSIVE;
				GCC_WARN_UNUSED_FUNCTION = YES;
				GCC_WARN_UNUSED_VARIABLE = YES;
				IPHONEOS_DEPLOYMENT_TARGET = 12.1;
				MTL_ENABLE_DEBUG_INFO = NO;
				MTL_FAST_MATH = YES;
				SDKROOT = iphoneos;
				SWIFT_COMPILATION_MODE = wholemodule;
				SWIFT_OPTIMIZATION_LEVEL = "-O";
				VALIDATE_PRODUCT = YES;
			};
			name = Release;
		};
		19D2585E21F35C7000BA76C8 /* Debug */ = {
			isa = XCBuildConfiguration;
			baseConfigurationReference = 5AAE904C56399F35606A6E2D /* Pods-Shopify Challenge.debug.xcconfig */;
			buildSettings = {
				ASSETCATALOG_COMPILER_APPICON_NAME = AppIcon;
				CODE_SIGN_STYLE = Automatic;
				DEVELOPMENT_TEAM = 2ZXG42P8KB;
				INFOPLIST_FILE = "Shopify Challenge/Info.plist";
				LD_RUNPATH_SEARCH_PATHS = (
					"$(inherited)",
					"@executable_path/Frameworks",
				);
				PRODUCT_BUNDLE_IDENTIFIER = "com.dosboxd.Shopify-Challenge";
				PRODUCT_NAME = "$(TARGET_NAME)";
				SWIFT_VERSION = 4.2;
				TARGETED_DEVICE_FAMILY = "1,2";
			};
			name = Debug;
		};
		19D2585F21F35C7000BA76C8 /* Release */ = {
			isa = XCBuildConfiguration;
			baseConfigurationReference = 0DCB40A68BD9653242CAC7CE /* Pods-Shopify Challenge.release.xcconfig */;
			buildSettings = {
				ASSETCATALOG_COMPILER_APPICON_NAME = AppIcon;
				CODE_SIGN_STYLE = Automatic;
				DEVELOPMENT_TEAM = 2ZXG42P8KB;
				INFOPLIST_FILE = "Shopify Challenge/Info.plist";
				LD_RUNPATH_SEARCH_PATHS = (
					"$(inherited)",
					"@executable_path/Frameworks",
				);
				PRODUCT_BUNDLE_IDENTIFIER = "com.dosboxd.Shopify-Challenge";
				PRODUCT_NAME = "$(TARGET_NAME)";
				SWIFT_VERSION = 4.2;
				TARGETED_DEVICE_FAMILY = "1,2";
			};
			name = Release;
		};
/* End XCBuildConfiguration section */

/* Begin XCConfigurationList section */
		19D2584621F35C6D00BA76C8 /* Build configuration list for PBXProject "Shopify Challenge" */ = {
			isa = XCConfigurationList;
			buildConfigurations = (
				19D2585B21F35C7000BA76C8 /* Debug */,
				19D2585C21F35C7000BA76C8 /* Release */,
			);
			defaultConfigurationIsVisible = 0;
			defaultConfigurationName = Release;
		};
		19D2585D21F35C7000BA76C8 /* Build configuration list for PBXNativeTarget "Shopify Challenge" */ = {
			isa = XCConfigurationList;
			buildConfigurations = (
				19D2585E21F35C7000BA76C8 /* Debug */,
				19D2585F21F35C7000BA76C8 /* Release */,
			);
			defaultConfigurationIsVisible = 0;
			defaultConfigurationName = Release;
		};
/* End XCConfigurationList section */
	};
	rootObject = 19D2584321F35C6D00BA76C8 /* Project object */;
}
